// !$*UTF8*$!
{
	archiveVersion = 1;
	classes = {
	};
	objectVersion = 46;
	objects = {

/* Begin PBXBuildFile section */
		B612400C96E0ABEF9FD4822A /* Pods_FunLive.framework in Frameworks */ = {isa = PBXBuildFile; fileRef = 17F43C2621122369B00B12D7 /* Pods_FunLive.framework */; };
		BEF1FE171DD99EB70036F144 /* AppDelegate.swift in Sources */ = {isa = PBXBuildFile; fileRef = BEF1FE161DD99EB70036F144 /* AppDelegate.swift */; };
		BEF1FE191DD99EB70036F144 /* MainViewController.swift in Sources */ = {isa = PBXBuildFile; fileRef = BEF1FE181DD99EB70036F144 /* MainViewController.swift */; };
		BEF1FE1C1DD99EB70036F144 /* Main.storyboard in Resources */ = {isa = PBXBuildFile; fileRef = BEF1FE1A1DD99EB70036F144 /* Main.storyboard */; };
		BEF1FE1F1DD99EB70036F144 /* FunLive.xcdatamodeld in Sources */ = {isa = PBXBuildFile; fileRef = BEF1FE1D1DD99EB70036F144 /* FunLive.xcdatamodeld */; };
		BEF1FE211DD99EB70036F144 /* Assets.xcassets in Resources */ = {isa = PBXBuildFile; fileRef = BEF1FE201DD99EB70036F144 /* Assets.xcassets */; };
		BEF1FE241DD99EB70036F144 /* LaunchScreen.storyboard in Resources */ = {isa = PBXBuildFile; fileRef = BEF1FE221DD99EB70036F144 /* LaunchScreen.storyboard */; };
		BEF1FE2F1DD99EB70036F144 /* FunLiveTests.swift in Sources */ = {isa = PBXBuildFile; fileRef = BEF1FE2E1DD99EB70036F144 /* FunLiveTests.swift */; };
		BEF1FE3A1DD99EB70036F144 /* FunLiveUITests.swift in Sources */ = {isa = PBXBuildFile; fileRef = BEF1FE391DD99EB70036F144 /* FunLiveUITests.swift */; };
		BEF1FE991DD9A6D10036F144 /* AmuseViewController.swift in Sources */ = {isa = PBXBuildFile; fileRef = BEF1FE531DD9A6D10036F144 /* AmuseViewController.swift */; };
		BEF1FE9A1DD9A6D10036F144 /* FunnyViewController.swift in Sources */ = {isa = PBXBuildFile; fileRef = BEF1FE541DD9A6D10036F144 /* FunnyViewController.swift */; };
		BEF1FE9B1DD9A6D10036F144 /* GameViewController.swift in Sources */ = {isa = PBXBuildFile; fileRef = BEF1FE551DD9A6D10036F144 /* GameViewController.swift */; };
		BEF1FE9C1DD9A6D10036F144 /* Home.storyboard in Resources */ = {isa = PBXBuildFile; fileRef = BEF1FE561DD9A6D10036F144 /* Home.storyboard */; };
		BEF1FE9D1DD9A6D10036F144 /* HomeViewController.swift in Sources */ = {isa = PBXBuildFile; fileRef = BEF1FE571DD9A6D10036F144 /* HomeViewController.swift */; };
		BEF1FE9E1DD9A6D10036F144 /* RecommendViewController.swift in Sources */ = {isa = PBXBuildFile; fileRef = BEF1FE581DD9A6D10036F144 /* RecommendViewController.swift */; };
		BEF1FE9F1DD9A6D10036F144 /* CycleModel.swift in Sources */ = {isa = PBXBuildFile; fileRef = BEF1FE5A1DD9A6D10036F144 /* CycleModel.swift */; };
		BEF1FEA01DD9A6D10036F144 /* GameModel.swift in Sources */ = {isa = PBXBuildFile; fileRef = BEF1FE5B1DD9A6D10036F144 /* GameModel.swift */; };
		BEF1FEA11DD9A6D10036F144 /* AmuseMenuView.swift in Sources */ = {isa = PBXBuildFile; fileRef = BEF1FE5D1DD9A6D10036F144 /* AmuseMenuView.swift */; };
		BEF1FEA21DD9A6D10036F144 /* AmuseMenuView.xib in Resources */ = {isa = PBXBuildFile; fileRef = BEF1FE5E1DD9A6D10036F144 /* AmuseMenuView.xib */; };
		BEF1FEA31DD9A6D10036F144 /* AmuseMenuViewCell.swift in Sources */ = {isa = PBXBuildFile; fileRef = BEF1FE5F1DD9A6D10036F144 /* AmuseMenuViewCell.swift */; };
		BEF1FEA41DD9A6D10036F144 /* AmuseMenuViewCell.xib in Resources */ = {isa = PBXBuildFile; fileRef = BEF1FE601DD9A6D10036F144 /* AmuseMenuViewCell.xib */; };
		BEF1FEA51DD9A6D10036F144 /* CollectionHeaderView.swift in Sources */ = {isa = PBXBuildFile; fileRef = BEF1FE611DD9A6D10036F144 /* CollectionHeaderView.swift */; };
		BEF1FEA61DD9A6D10036F144 /* CollectionHeaderView.xib in Resources */ = {isa = PBXBuildFile; fileRef = BEF1FE621DD9A6D10036F144 /* CollectionHeaderView.xib */; };
		BEF1FEA71DD9A6D10036F144 /* CollectionViewCycleCell.swift in Sources */ = {isa = PBXBuildFile; fileRef = BEF1FE631DD9A6D10036F144 /* CollectionViewCycleCell.swift */; };
		BEF1FEA81DD9A6D10036F144 /* CollectionViewCycleCell.xib in Resources */ = {isa = PBXBuildFile; fileRef = BEF1FE641DD9A6D10036F144 /* CollectionViewCycleCell.xib */; };
		BEF1FEA91DD9A6D10036F144 /* CollectionViewGameCell.swift in Sources */ = {isa = PBXBuildFile; fileRef = BEF1FE651DD9A6D10036F144 /* CollectionViewGameCell.swift */; };
		BEF1FEAA1DD9A6D10036F144 /* CollectionViewGameCell.xib in Resources */ = {isa = PBXBuildFile; fileRef = BEF1FE661DD9A6D10036F144 /* CollectionViewGameCell.xib */; };
		BEF1FEAB1DD9A6D10036F144 /* RecommendCycleView.swift in Sources */ = {isa = PBXBuildFile; fileRef = BEF1FE671DD9A6D10036F144 /* RecommendCycleView.swift */; };
		BEF1FEAC1DD9A6D10036F144 /* RecommendCycleView.xib in Resources */ = {isa = PBXBuildFile; fileRef = BEF1FE681DD9A6D10036F144 /* RecommendCycleView.xib */; };
		BEF1FEAD1DD9A6D10036F144 /* RecommendGameView.swift in Sources */ = {isa = PBXBuildFile; fileRef = BEF1FE691DD9A6D10036F144 /* RecommendGameView.swift */; };
		BEF1FEAE1DD9A6D10036F144 /* RecommendGameView.xib in Resources */ = {isa = PBXBuildFile; fileRef = BEF1FE6A1DD9A6D10036F144 /* RecommendGameView.xib */; };
		BEF1FEAF1DD9A6D10036F144 /* AmuseViewModel.swift in Sources */ = {isa = PBXBuildFile; fileRef = BEF1FE6C1DD9A6D10036F144 /* AmuseViewModel.swift */; };
		BEF1FEB01DD9A6D10036F144 /* GameViewModel.swift in Sources */ = {isa = PBXBuildFile; fileRef = BEF1FE6D1DD9A6D10036F144 /* GameViewModel.swift */; };
		BEF1FEB11DD9A6D10036F144 /* RecommendViewModel.swift in Sources */ = {isa = PBXBuildFile; fileRef = BEF1FE6E1DD9A6D10036F144 /* RecommendViewModel.swift */; };
		BEF1FEB21DD9A6D10036F144 /* BaseAnchorViewController.swift in Sources */ = {isa = PBXBuildFile; fileRef = BEF1FE711DD9A6D10036F144 /* BaseAnchorViewController.swift */; };
		BEF1FEB31DD9A6D10036F144 /* BaseViewController.swift in Sources */ = {isa = PBXBuildFile; fileRef = BEF1FE721DD9A6D10036F144 /* BaseViewController.swift */; };
		BEF1FEB41DD9A6D10036F144 /* CustomNavigationViewController.swift in Sources */ = {isa = PBXBuildFile; fileRef = BEF1FE731DD9A6D10036F144 /* CustomNavigationViewController.swift */; };
		BEF1FEB51DD9A6D10036F144 /* AnchorGroup.swift in Sources */ = {isa = PBXBuildFile; fileRef = BEF1FE751DD9A6D10036F144 /* AnchorGroup.swift */; };
		BEF1FEB61DD9A6D10036F144 /* AnchorModel.swift in Sources */ = {isa = PBXBuildFile; fileRef = BEF1FE761DD9A6D10036F144 /* AnchorModel.swift */; };
		BEF1FEB71DD9A6D10036F144 /* BaseGameModel.swift in Sources */ = {isa = PBXBuildFile; fileRef = BEF1FE771DD9A6D10036F144 /* BaseGameModel.swift */; };
		BEF1FEB81DD9A6D10036F144 /* CollectionBaseCell.swift in Sources */ = {isa = PBXBuildFile; fileRef = BEF1FE791DD9A6D10036F144 /* CollectionBaseCell.swift */; };
		BEF1FEB91DD9A6D10036F144 /* CollectionViewNormalCell.swift in Sources */ = {isa = PBXBuildFile; fileRef = BEF1FE7A1DD9A6D10036F144 /* CollectionViewNormalCell.swift */; };
		BEF1FEBA1DD9A6D10036F144 /* CollectionViewNormalCell.xib in Resources */ = {isa = PBXBuildFile; fileRef = BEF1FE7B1DD9A6D10036F144 /* CollectionViewNormalCell.xib */; };
		BEF1FEBB1DD9A6D10036F144 /* CollectionViewPrettyCell.swift in Sources */ = {isa = PBXBuildFile; fileRef = BEF1FE7C1DD9A6D10036F144 /* CollectionViewPrettyCell.swift */; };
		BEF1FEBC1DD9A6D10036F144 /* CollectionViewPrettyCell.xib in Resources */ = {isa = PBXBuildFile; fileRef = BEF1FE7D1DD9A6D10036F144 /* CollectionViewPrettyCell.xib */; };
		BEF1FEBD1DD9A6D10036F144 /* PageContentView.swift in Sources */ = {isa = PBXBuildFile; fileRef = BEF1FE7E1DD9A6D10036F144 /* PageContentView.swift */; };
		BEF1FEBE1DD9A6D10036F144 /* PageTitleView.swift in Sources */ = {isa = PBXBuildFile; fileRef = BEF1FE7F1DD9A6D10036F144 /* PageTitleView.swift */; };
		BEF1FEBF1DD9A6D10036F144 /* BaseViewModel.swift in Sources */ = {isa = PBXBuildFile; fileRef = BEF1FE811DD9A6D10036F144 /* BaseViewModel.swift */; };
		BEF1FEC01DD9A6D10036F144 /* Fellow.storyboard in Resources */ = {isa = PBXBuildFile; fileRef = BEF1FE841DD9A6D10036F144 /* Fellow.storyboard */; };
		BEF1FEC11DD9A6D10036F144 /* FellowViewController.swift in Sources */ = {isa = PBXBuildFile; fileRef = BEF1FE851DD9A6D10036F144 /* FellowViewController.swift */; };
		BEF1FEC21DD9A6D10036F144 /* Live.storyboard in Resources */ = {isa = PBXBuildFile; fileRef = BEF1FE881DD9A6D10036F144 /* Live.storyboard */; };
		BEF1FEC31DD9A6D10036F144 /* LiveViewController.swift in Sources */ = {isa = PBXBuildFile; fileRef = BEF1FE891DD9A6D10036F144 /* LiveViewController.swift */; };
		BEF1FEC41DD9A6D10036F144 /* Profile.storyboard in Resources */ = {isa = PBXBuildFile; fileRef = BEF1FE8C1DD9A6D10036F144 /* Profile.storyboard */; };
		BEF1FEC51DD9A6D10036F144 /* ProfileViewController.swift in Sources */ = {isa = PBXBuildFile; fileRef = BEF1FE8D1DD9A6D10036F144 /* ProfileViewController.swift */; };
		BEF1FEC61DD9A6D10036F144 /* RoomNormalViewController.swift in Sources */ = {isa = PBXBuildFile; fileRef = BEF1FE901DD9A6D10036F144 /* RoomNormalViewController.swift */; };
		BEF1FEC71DD9A6D10036F144 /* RoomShowViewController.swift in Sources */ = {isa = PBXBuildFile; fileRef = BEF1FE911DD9A6D10036F144 /* RoomShowViewController.swift */; };
		BEF1FEC81DD9A6D10036F144 /* Common.swift in Sources */ = {isa = PBXBuildFile; fileRef = BEF1FE931DD9A6D10036F144 /* Common.swift */; };
		BEF1FEC91DD9A6D10036F144 /* NSDate+Extension.swift in Sources */ = {isa = PBXBuildFile; fileRef = BEF1FE951DD9A6D10036F144 /* NSDate+Extension.swift */; };
		BEF1FECA1DD9A6D10036F144 /* UIBarButtonItem+Extension.swift in Sources */ = {isa = PBXBuildFile; fileRef = BEF1FE961DD9A6D10036F144 /* UIBarButtonItem+Extension.swift */; };
		BEF1FECB1DD9A6D10036F144 /* UIColor+Extension.swift in Sources */ = {isa = PBXBuildFile; fileRef = BEF1FE971DD9A6D10036F144 /* UIColor+Extension.swift */; };
		BEF1FECC1DD9A6D10036F144 /* NetworkTools.swift in Sources */ = {isa = PBXBuildFile; fileRef = BEF1FE981DD9A6D10036F144 /* NetworkTools.swift */; };
/* End PBXBuildFile section */

/* Begin PBXContainerItemProxy section */
		BEF1FE2B1DD99EB70036F144 /* PBXContainerItemProxy */ = {
			isa = PBXContainerItemProxy;
			containerPortal = BEF1FE0B1DD99EB70036F144 /* Project object */;
			proxyType = 1;
			remoteGlobalIDString = BEF1FE121DD99EB70036F144;
			remoteInfo = FunLive;
		};
		BEF1FE361DD99EB70036F144 /* PBXContainerItemProxy */ = {
			isa = PBXContainerItemProxy;
			containerPortal = BEF1FE0B1DD99EB70036F144 /* Project object */;
			proxyType = 1;
			remoteGlobalIDString = BEF1FE121DD99EB70036F144;
			remoteInfo = FunLive;
		};
/* End PBXContainerItemProxy section */

/* Begin PBXFileReference section */
		17F43C2621122369B00B12D7 /* Pods_FunLive.framework */ = {isa = PBXFileReference; explicitFileType = wrapper.framework; includeInIndex = 0; path = Pods_FunLive.framework; sourceTree = BUILT_PRODUCTS_DIR; };
		80DA51ECA45DD664DD74ED0E /* Pods-FunLive.debug.xcconfig */ = {isa = PBXFileReference; includeInIndex = 1; lastKnownFileType = text.xcconfig; name = "Pods-FunLive.debug.xcconfig"; path = "Pods/Target Support Files/Pods-FunLive/Pods-FunLive.debug.xcconfig"; sourceTree = "<group>"; };
		88D11E6D51DA869EB7215354 /* Pods-FunLive.release.xcconfig */ = {isa = PBXFileReference; includeInIndex = 1; lastKnownFileType = text.xcconfig; name = "Pods-FunLive.release.xcconfig"; path = "Pods/Target Support Files/Pods-FunLive/Pods-FunLive.release.xcconfig"; sourceTree = "<group>"; };
		BEF1FE131DD99EB70036F144 /* FunLive.app */ = {isa = PBXFileReference; explicitFileType = wrapper.application; includeInIndex = 0; path = FunLive.app; sourceTree = BUILT_PRODUCTS_DIR; };
		BEF1FE161DD99EB70036F144 /* AppDelegate.swift */ = {isa = PBXFileReference; lastKnownFileType = sourcecode.swift; path = AppDelegate.swift; sourceTree = "<group>"; };
		BEF1FE181DD99EB70036F144 /* MainViewController.swift */ = {isa = PBXFileReference; lastKnownFileType = sourcecode.swift; path = MainViewController.swift; sourceTree = "<group>"; };
		BEF1FE1B1DD99EB70036F144 /* Base */ = {isa = PBXFileReference; lastKnownFileType = file.storyboard; name = Base; path = Base.lproj/Main.storyboard; sourceTree = "<group>"; };
		BEF1FE1E1DD99EB70036F144 /* FunLive.xcdatamodel */ = {isa = PBXFileReference; lastKnownFileType = wrapper.xcdatamodel; path = FunLive.xcdatamodel; sourceTree = "<group>"; };
		BEF1FE201DD99EB70036F144 /* Assets.xcassets */ = {isa = PBXFileReference; lastKnownFileType = folder.assetcatalog; path = Assets.xcassets; sourceTree = "<group>"; };
		BEF1FE231DD99EB70036F144 /* Base */ = {isa = PBXFileReference; lastKnownFileType = file.storyboard; name = Base; path = Base.lproj/LaunchScreen.storyboard; sourceTree = "<group>"; };
		BEF1FE251DD99EB70036F144 /* Info.plist */ = {isa = PBXFileReference; lastKnownFileType = text.plist.xml; path = Info.plist; sourceTree = "<group>"; };
		BEF1FE2A1DD99EB70036F144 /* FunLiveTests.xctest */ = {isa = PBXFileReference; explicitFileType = wrapper.cfbundle; includeInIndex = 0; path = FunLiveTests.xctest; sourceTree = BUILT_PRODUCTS_DIR; };
		BEF1FE2E1DD99EB70036F144 /* FunLiveTests.swift */ = {isa = PBXFileReference; lastKnownFileType = sourcecode.swift; path = FunLiveTests.swift; sourceTree = "<group>"; };
		BEF1FE301DD99EB70036F144 /* Info.plist */ = {isa = PBXFileReference; lastKnownFileType = text.plist.xml; path = Info.plist; sourceTree = "<group>"; };
		BEF1FE351DD99EB70036F144 /* FunLiveUITests.xctest */ = {isa = PBXFileReference; explicitFileType = wrapper.cfbundle; includeInIndex = 0; path = FunLiveUITests.xctest; sourceTree = BUILT_PRODUCTS_DIR; };
		BEF1FE391DD99EB70036F144 /* FunLiveUITests.swift */ = {isa = PBXFileReference; lastKnownFileType = sourcecode.swift; path = FunLiveUITests.swift; sourceTree = "<group>"; };
		BEF1FE3B1DD99EB70036F144 /* Info.plist */ = {isa = PBXFileReference; lastKnownFileType = text.plist.xml; path = Info.plist; sourceTree = "<group>"; };
		BEF1FE531DD9A6D10036F144 /* AmuseViewController.swift */ = {isa = PBXFileReference; fileEncoding = 4; lastKnownFileType = sourcecode.swift; path = AmuseViewController.swift; sourceTree = "<group>"; };
		BEF1FE541DD9A6D10036F144 /* FunnyViewController.swift */ = {isa = PBXFileReference; fileEncoding = 4; lastKnownFileType = sourcecode.swift; path = FunnyViewController.swift; sourceTree = "<group>"; };
		BEF1FE551DD9A6D10036F144 /* GameViewController.swift */ = {isa = PBXFileReference; fileEncoding = 4; lastKnownFileType = sourcecode.swift; path = GameViewController.swift; sourceTree = "<group>"; };
		BEF1FE561DD9A6D10036F144 /* Home.storyboard */ = {isa = PBXFileReference; fileEncoding = 4; lastKnownFileType = file.storyboard; path = Home.storyboard; sourceTree = "<group>"; };
		BEF1FE571DD9A6D10036F144 /* HomeViewController.swift */ = {isa = PBXFileReference; fileEncoding = 4; lastKnownFileType = sourcecode.swift; path = HomeViewController.swift; sourceTree = "<group>"; };
		BEF1FE581DD9A6D10036F144 /* RecommendViewController.swift */ = {isa = PBXFileReference; fileEncoding = 4; lastKnownFileType = sourcecode.swift; path = RecommendViewController.swift; sourceTree = "<group>"; };
		BEF1FE5A1DD9A6D10036F144 /* CycleModel.swift */ = {isa = PBXFileReference; fileEncoding = 4; lastKnownFileType = sourcecode.swift; path = CycleModel.swift; sourceTree = "<group>"; };
		BEF1FE5B1DD9A6D10036F144 /* GameModel.swift */ = {isa = PBXFileReference; fileEncoding = 4; lastKnownFileType = sourcecode.swift; path = GameModel.swift; sourceTree = "<group>"; };
		BEF1FE5D1DD9A6D10036F144 /* AmuseMenuView.swift */ = {isa = PBXFileReference; fileEncoding = 4; lastKnownFileType = sourcecode.swift; path = AmuseMenuView.swift; sourceTree = "<group>"; };
		BEF1FE5E1DD9A6D10036F144 /* AmuseMenuView.xib */ = {isa = PBXFileReference; fileEncoding = 4; lastKnownFileType = file.xib; path = AmuseMenuView.xib; sourceTree = "<group>"; };
		BEF1FE5F1DD9A6D10036F144 /* AmuseMenuViewCell.swift */ = {isa = PBXFileReference; fileEncoding = 4; lastKnownFileType = sourcecode.swift; path = AmuseMenuViewCell.swift; sourceTree = "<group>"; };
		BEF1FE601DD9A6D10036F144 /* AmuseMenuViewCell.xib */ = {isa = PBXFileReference; fileEncoding = 4; lastKnownFileType = file.xib; path = AmuseMenuViewCell.xib; sourceTree = "<group>"; };
		BEF1FE611DD9A6D10036F144 /* CollectionHeaderView.swift */ = {isa = PBXFileReference; fileEncoding = 4; lastKnownFileType = sourcecode.swift; path = CollectionHeaderView.swift; sourceTree = "<group>"; };
		BEF1FE621DD9A6D10036F144 /* CollectionHeaderView.xib */ = {isa = PBXFileReference; fileEncoding = 4; lastKnownFileType = file.xib; path = CollectionHeaderView.xib; sourceTree = "<group>"; };
		BEF1FE631DD9A6D10036F144 /* CollectionViewCycleCell.swift */ = {isa = PBXFileReference; fileEncoding = 4; lastKnownFileType = sourcecode.swift; path = CollectionViewCycleCell.swift; sourceTree = "<group>"; };
		BEF1FE641DD9A6D10036F144 /* CollectionViewCycleCell.xib */ = {isa = PBXFileReference; fileEncoding = 4; lastKnownFileType = file.xib; path = CollectionViewCycleCell.xib; sourceTree = "<group>"; };
		BEF1FE651DD9A6D10036F144 /* CollectionViewGameCell.swift */ = {isa = PBXFileReference; fileEncoding = 4; lastKnownFileType = sourcecode.swift; path = CollectionViewGameCell.swift; sourceTree = "<group>"; };
		BEF1FE661DD9A6D10036F144 /* CollectionViewGameCell.xib */ = {isa = PBXFileReference; fileEncoding = 4; lastKnownFileType = file.xib; path = CollectionViewGameCell.xib; sourceTree = "<group>"; };
		BEF1FE671DD9A6D10036F144 /* RecommendCycleView.swift */ = {isa = PBXFileReference; fileEncoding = 4; lastKnownFileType = sourcecode.swift; path = RecommendCycleView.swift; sourceTree = "<group>"; };
		BEF1FE681DD9A6D10036F144 /* RecommendCycleView.xib */ = {isa = PBXFileReference; fileEncoding = 4; lastKnownFileType = file.xib; path = RecommendCycleView.xib; sourceTree = "<group>"; };
		BEF1FE691DD9A6D10036F144 /* RecommendGameView.swift */ = {isa = PBXFileReference; fileEncoding = 4; lastKnownFileType = sourcecode.swift; path = RecommendGameView.swift; sourceTree = "<group>"; };
		BEF1FE6A1DD9A6D10036F144 /* RecommendGameView.xib */ = {isa = PBXFileReference; fileEncoding = 4; lastKnownFileType = file.xib; path = RecommendGameView.xib; sourceTree = "<group>"; };
		BEF1FE6C1DD9A6D10036F144 /* AmuseViewModel.swift */ = {isa = PBXFileReference; fileEncoding = 4; lastKnownFileType = sourcecode.swift; path = AmuseViewModel.swift; sourceTree = "<group>"; };
		BEF1FE6D1DD9A6D10036F144 /* GameViewModel.swift */ = {isa = PBXFileReference; fileEncoding = 4; lastKnownFileType = sourcecode.swift; path = GameViewModel.swift; sourceTree = "<group>"; };
		BEF1FE6E1DD9A6D10036F144 /* RecommendViewModel.swift */ = {isa = PBXFileReference; fileEncoding = 4; lastKnownFileType = sourcecode.swift; path = RecommendViewModel.swift; sourceTree = "<group>"; };
		BEF1FE711DD9A6D10036F144 /* BaseAnchorViewController.swift */ = {isa = PBXFileReference; fileEncoding = 4; lastKnownFileType = sourcecode.swift; path = BaseAnchorViewController.swift; sourceTree = "<group>"; };
		BEF1FE721DD9A6D10036F144 /* BaseViewController.swift */ = {isa = PBXFileReference; fileEncoding = 4; lastKnownFileType = sourcecode.swift; path = BaseViewController.swift; sourceTree = "<group>"; };
		BEF1FE731DD9A6D10036F144 /* CustomNavigationViewController.swift */ = {isa = PBXFileReference; fileEncoding = 4; lastKnownFileType = sourcecode.swift; path = CustomNavigationViewController.swift; sourceTree = "<group>"; };
		BEF1FE751DD9A6D10036F144 /* AnchorGroup.swift */ = {isa = PBXFileReference; fileEncoding = 4; lastKnownFileType = sourcecode.swift; path = AnchorGroup.swift; sourceTree = "<group>"; };
		BEF1FE761DD9A6D10036F144 /* AnchorModel.swift */ = {isa = PBXFileReference; fileEncoding = 4; lastKnownFileType = sourcecode.swift; path = AnchorModel.swift; sourceTree = "<group>"; };
		BEF1FE771DD9A6D10036F144 /* BaseGameModel.swift */ = {isa = PBXFileReference; fileEncoding = 4; lastKnownFileType = sourcecode.swift; path = BaseGameModel.swift; sourceTree = "<group>"; };
		BEF1FE791DD9A6D10036F144 /* CollectionBaseCell.swift */ = {isa = PBXFileReference; fileEncoding = 4; lastKnownFileType = sourcecode.swift; path = CollectionBaseCell.swift; sourceTree = "<group>"; };
		BEF1FE7A1DD9A6D10036F144 /* CollectionViewNormalCell.swift */ = {isa = PBXFileReference; fileEncoding = 4; lastKnownFileType = sourcecode.swift; path = CollectionViewNormalCell.swift; sourceTree = "<group>"; };
		BEF1FE7B1DD9A6D10036F144 /* CollectionViewNormalCell.xib */ = {isa = PBXFileReference; fileEncoding = 4; lastKnownFileType = file.xib; path = CollectionViewNormalCell.xib; sourceTree = "<group>"; };
		BEF1FE7C1DD9A6D10036F144 /* CollectionViewPrettyCell.swift */ = {isa = PBXFileReference; fileEncoding = 4; lastKnownFileType = sourcecode.swift; path = CollectionViewPrettyCell.swift; sourceTree = "<group>"; };
		BEF1FE7D1DD9A6D10036F144 /* CollectionViewPrettyCell.xib */ = {isa = PBXFileReference; fileEncoding = 4; lastKnownFileType = file.xib; path = CollectionViewPrettyCell.xib; sourceTree = "<group>"; };
		BEF1FE7E1DD9A6D10036F144 /* PageContentView.swift */ = {isa = PBXFileReference; fileEncoding = 4; lastKnownFileType = sourcecode.swift; path = PageContentView.swift; sourceTree = "<group>"; };
		BEF1FE7F1DD9A6D10036F144 /* PageTitleView.swift */ = {isa = PBXFileReference; fileEncoding = 4; lastKnownFileType = sourcecode.swift; path = PageTitleView.swift; sourceTree = "<group>"; };
		BEF1FE811DD9A6D10036F144 /* BaseViewModel.swift */ = {isa = PBXFileReference; fileEncoding = 4; lastKnownFileType = sourcecode.swift; path = BaseViewModel.swift; sourceTree = "<group>"; };
		BEF1FE841DD9A6D10036F144 /* Fellow.storyboard */ = {isa = PBXFileReference; fileEncoding = 4; lastKnownFileType = file.storyboard; path = Fellow.storyboard; sourceTree = "<group>"; };
		BEF1FE851DD9A6D10036F144 /* FellowViewController.swift */ = {isa = PBXFileReference; fileEncoding = 4; lastKnownFileType = sourcecode.swift; path = FellowViewController.swift; sourceTree = "<group>"; };
		BEF1FE881DD9A6D10036F144 /* Live.storyboard */ = {isa = PBXFileReference; fileEncoding = 4; lastKnownFileType = file.storyboard; path = Live.storyboard; sourceTree = "<group>"; };
		BEF1FE891DD9A6D10036F144 /* LiveViewController.swift */ = {isa = PBXFileReference; fileEncoding = 4; lastKnownFileType = sourcecode.swift; path = LiveViewController.swift; sourceTree = "<group>"; };
		BEF1FE8C1DD9A6D10036F144 /* Profile.storyboard */ = {isa = PBXFileReference; fileEncoding = 4; lastKnownFileType = file.storyboard; path = Profile.storyboard; sourceTree = "<group>"; };
		BEF1FE8D1DD9A6D10036F144 /* ProfileViewController.swift */ = {isa = PBXFileReference; fileEncoding = 4; lastKnownFileType = sourcecode.swift; path = ProfileViewController.swift; sourceTree = "<group>"; };
		BEF1FE901DD9A6D10036F144 /* RoomNormalViewController.swift */ = {isa = PBXFileReference; fileEncoding = 4; lastKnownFileType = sourcecode.swift; path = RoomNormalViewController.swift; sourceTree = "<group>"; };
		BEF1FE911DD9A6D10036F144 /* RoomShowViewController.swift */ = {isa = PBXFileReference; fileEncoding = 4; lastKnownFileType = sourcecode.swift; path = RoomShowViewController.swift; sourceTree = "<group>"; };
		BEF1FE931DD9A6D10036F144 /* Common.swift */ = {isa = PBXFileReference; fileEncoding = 4; lastKnownFileType = sourcecode.swift; path = Common.swift; sourceTree = "<group>"; };
		BEF1FE951DD9A6D10036F144 /* NSDate+Extension.swift */ = {isa = PBXFileReference; fileEncoding = 4; lastKnownFileType = sourcecode.swift; path = "NSDate+Extension.swift"; sourceTree = "<group>"; };
		BEF1FE961DD9A6D10036F144 /* UIBarButtonItem+Extension.swift */ = {isa = PBXFileReference; fileEncoding = 4; lastKnownFileType = sourcecode.swift; path = "UIBarButtonItem+Extension.swift"; sourceTree = "<group>"; };
		BEF1FE971DD9A6D10036F144 /* UIColor+Extension.swift */ = {isa = PBXFileReference; fileEncoding = 4; lastKnownFileType = sourcecode.swift; path = "UIColor+Extension.swift"; sourceTree = "<group>"; };
		BEF1FE981DD9A6D10036F144 /* NetworkTools.swift */ = {isa = PBXFileReference; fileEncoding = 4; lastKnownFileType = sourcecode.swift; path = NetworkTools.swift; sourceTree = "<group>"; };
/* End PBXFileReference section */

/* Begin PBXFrameworksBuildPhase section */
		BEF1FE101DD99EB70036F144 /* Frameworks */ = {
			isa = PBXFrameworksBuildPhase;
			buildActionMask = 2147483647;
			files = (
				B612400C96E0ABEF9FD4822A /* Pods_FunLive.framework in Frameworks */,
			);
			runOnlyForDeploymentPostprocessing = 0;
		};
		BEF1FE271DD99EB70036F144 /* Frameworks */ = {
			isa = PBXFrameworksBuildPhase;
			buildActionMask = 2147483647;
			files = (
			);
			runOnlyForDeploymentPostprocessing = 0;
		};
		BEF1FE321DD99EB70036F144 /* Frameworks */ = {
			isa = PBXFrameworksBuildPhase;
			buildActionMask = 2147483647;
			files = (
			);
			runOnlyForDeploymentPostprocessing = 0;
		};
/* End PBXFrameworksBuildPhase section */

/* Begin PBXGroup section */
		82D16CD8A7DBFE37E9B6664B /* Frameworks */ = {
			isa = PBXGroup;
			children = (
				17F43C2621122369B00B12D7 /* Pods_FunLive.framework */,
			);
			name = Frameworks;
			sourceTree = "<group>";
		};
		BEF1FE0A1DD99EB70036F144 = {
			isa = PBXGroup;
			children = (
				BEF1FE151DD99EB70036F144 /* FunLive */,
				BEF1FE2D1DD99EB70036F144 /* FunLiveTests */,
				BEF1FE381DD99EB70036F144 /* FunLiveUITests */,
				BEF1FE141DD99EB70036F144 /* Products */,
				E818115C07DEB019724852FE /* Pods */,
				82D16CD8A7DBFE37E9B6664B /* Frameworks */,
			);
			sourceTree = "<group>";
		};
		BEF1FE141DD99EB70036F144 /* Products */ = {
			isa = PBXGroup;
			children = (
				BEF1FE131DD99EB70036F144 /* FunLive.app */,
				BEF1FE2A1DD99EB70036F144 /* FunLiveTests.xctest */,
				BEF1FE351DD99EB70036F144 /* FunLiveUITests.xctest */,
			);
			name = Products;
			sourceTree = "<group>";
		};
		BEF1FE151DD99EB70036F144 /* FunLive */ = {
			isa = PBXGroup;
			children = (
				BEF1FE4C1DD9A5A30036F144 /* Home */,
				BEF1FE471DD9A0D70036F144 /* Main */,
				BEF1FE161DD99EB70036F144 /* AppDelegate.swift */,
				BEF1FE201DD99EB70036F144 /* Assets.xcassets */,
				BEF1FE221DD99EB70036F144 /* LaunchScreen.storyboard */,
				BEF1FE251DD99EB70036F144 /* Info.plist */,
				BEF1FE1D1DD99EB70036F144 /* FunLive.xcdatamodeld */,
			);
			path = FunLive;
			sourceTree = "<group>";
		};
		BEF1FE2D1DD99EB70036F144 /* FunLiveTests */ = {
			isa = PBXGroup;
			children = (
				BEF1FE2E1DD99EB70036F144 /* FunLiveTests.swift */,
				BEF1FE301DD99EB70036F144 /* Info.plist */,
			);
			path = FunLiveTests;
			sourceTree = "<group>";
		};
		BEF1FE381DD99EB70036F144 /* FunLiveUITests */ = {
			isa = PBXGroup;
			children = (
				BEF1FE391DD99EB70036F144 /* FunLiveUITests.swift */,
				BEF1FE3B1DD99EB70036F144 /* Info.plist */,
			);
			path = FunLiveUITests;
			sourceTree = "<group>";
		};
		BEF1FE471DD9A0D70036F144 /* Main */ = {
			isa = PBXGroup;
			children = (
				BEF1FE4B1DD9A0FA0036F144 /* Controller */,
				BEF1FE4A1DD9A0F30036F144 /* View */,
				BEF1FE491DD9A0EC0036F144 /* Model */,
				BEF1FE481DD9A0E00036F144 /* ViewModel */,
			);
			name = Main;
			sourceTree = "<group>";
		};
		BEF1FE481DD9A0E00036F144 /* ViewModel */ = {
			isa = PBXGroup;
			children = (
			);
			name = ViewModel;
			sourceTree = "<group>";
		};
		BEF1FE491DD9A0EC0036F144 /* Model */ = {
			isa = PBXGroup;
			children = (
			);
			name = Model;
			sourceTree = "<group>";
		};
		BEF1FE4A1DD9A0F30036F144 /* View */ = {
			isa = PBXGroup;
			children = (
			);
			name = View;
			sourceTree = "<group>";
		};
		BEF1FE4B1DD9A0FA0036F144 /* Controller */ = {
			isa = PBXGroup;
			children = (
				BEF1FE1A1DD99EB70036F144 /* Main.storyboard */,
				BEF1FE181DD99EB70036F144 /* MainViewController.swift */,
			);
			name = Controller;
			sourceTree = "<group>";
		};
		BEF1FE4C1DD9A5A30036F144 /* Home */ = {
			isa = PBXGroup;
			children = (
				BEF1FE501DD9A5C60036F144 /* Controller */,
				BEF1FE4F1DD9A5C00036F144 /* View */,
				BEF1FE4E1DD9A5B90036F144 /* Model */,
				BEF1FE4D1DD9A5AC0036F144 /* ViewModel */,
			);
			name = Home;
			sourceTree = "<group>";
		};
		BEF1FE4D1DD9A5AC0036F144 /* ViewModel */ = {
			isa = PBXGroup;
			children = (
			);
			name = ViewModel;
			sourceTree = "<group>";
		};
		BEF1FE4E1DD9A5B90036F144 /* Model */ = {
			isa = PBXGroup;
			children = (
			);
			name = Model;
			sourceTree = "<group>";
		};
		BEF1FE4F1DD9A5C00036F144 /* View */ = {
			isa = PBXGroup;
			children = (
			);
			name = View;
			sourceTree = "<group>";
		};
		BEF1FE501DD9A5C60036F144 /* Controller */ = {
			isa = PBXGroup;
			children = (
				BEF1FE511DD9A6D10036F144 /* Home */,
				BEF1FE6F1DD9A6D10036F144 /* Main */,
				BEF1FE821DD9A6D10036F144 /* Fellow */,
				BEF1FE861DD9A6D10036F144 /* Live */,
				BEF1FE8A1DD9A6D10036F144 /* Profile */,
				BEF1FE8E1DD9A6D10036F144 /* Room */,
				BEF1FE921DD9A6D10036F144 /* Tools */,
			);
			name = Controller;
			sourceTree = "<group>";
		};
		BEF1FE511DD9A6D10036F144 /* Home */ = {
			isa = PBXGroup;
			children = (
				BEF1FE521DD9A6D10036F144 /* Controller */,
				BEF1FE591DD9A6D10036F144 /* Model */,
				BEF1FE5C1DD9A6D10036F144 /* View */,
				BEF1FE6B1DD9A6D10036F144 /* ViewModel */,
			);
			name = Home;
			path = Classes/Home;
			sourceTree = "<group>";
		};
		BEF1FE521DD9A6D10036F144 /* Controller */ = {
			isa = PBXGroup;
			children = (
				BEF1FE531DD9A6D10036F144 /* AmuseViewController.swift */,
				BEF1FE541DD9A6D10036F144 /* FunnyViewController.swift */,
				BEF1FE551DD9A6D10036F144 /* GameViewController.swift */,
				BEF1FE561DD9A6D10036F144 /* Home.storyboard */,
				BEF1FE571DD9A6D10036F144 /* HomeViewController.swift */,
				BEF1FE581DD9A6D10036F144 /* RecommendViewController.swift */,
			);
			path = Controller;
			sourceTree = "<group>";
		};
		BEF1FE591DD9A6D10036F144 /* Model */ = {
			isa = PBXGroup;
			children = (
				BEF1FE5A1DD9A6D10036F144 /* CycleModel.swift */,
				BEF1FE5B1DD9A6D10036F144 /* GameModel.swift */,
			);
			path = Model;
			sourceTree = "<group>";
		};
		BEF1FE5C1DD9A6D10036F144 /* View */ = {
			isa = PBXGroup;
			children = (
				BEF1FE5D1DD9A6D10036F144 /* AmuseMenuView.swift */,
				BEF1FE5E1DD9A6D10036F144 /* AmuseMenuView.xib */,
				BEF1FE5F1DD9A6D10036F144 /* AmuseMenuViewCell.swift */,
				BEF1FE601DD9A6D10036F144 /* AmuseMenuViewCell.xib */,
				BEF1FE611DD9A6D10036F144 /* CollectionHeaderView.swift */,
				BEF1FE621DD9A6D10036F144 /* CollectionHeaderView.xib */,
				BEF1FE631DD9A6D10036F144 /* CollectionViewCycleCell.swift */,
				BEF1FE641DD9A6D10036F144 /* CollectionViewCycleCell.xib */,
				BEF1FE651DD9A6D10036F144 /* CollectionViewGameCell.swift */,
				BEF1FE661DD9A6D10036F144 /* CollectionViewGameCell.xib */,
				BEF1FE671DD9A6D10036F144 /* RecommendCycleView.swift */,
				BEF1FE681DD9A6D10036F144 /* RecommendCycleView.xib */,
				BEF1FE691DD9A6D10036F144 /* RecommendGameView.swift */,
				BEF1FE6A1DD9A6D10036F144 /* RecommendGameView.xib */,
			);
			path = View;
			sourceTree = "<group>";
		};
		BEF1FE6B1DD9A6D10036F144 /* ViewModel */ = {
			isa = PBXGroup;
			children = (
				BEF1FE6C1DD9A6D10036F144 /* AmuseViewModel.swift */,
				BEF1FE6D1DD9A6D10036F144 /* GameViewModel.swift */,
				BEF1FE6E1DD9A6D10036F144 /* RecommendViewModel.swift */,
			);
			path = ViewModel;
			sourceTree = "<group>";
		};
		BEF1FE6F1DD9A6D10036F144 /* Main */ = {
			isa = PBXGroup;
			children = (
				BEF1FE701DD9A6D10036F144 /* Controller */,
				BEF1FE741DD9A6D10036F144 /* Model */,
				BEF1FE781DD9A6D10036F144 /* View */,
				BEF1FE801DD9A6D10036F144 /* ViewModel */,
			);
			name = Main;
			path = Classes/Main;
			sourceTree = "<group>";
		};
		BEF1FE701DD9A6D10036F144 /* Controller */ = {
			isa = PBXGroup;
			children = (
				BEF1FE711DD9A6D10036F144 /* BaseAnchorViewController.swift */,
				BEF1FE721DD9A6D10036F144 /* BaseViewController.swift */,
				BEF1FE731DD9A6D10036F144 /* CustomNavigationViewController.swift */,
			);
			path = Controller;
			sourceTree = "<group>";
		};
		BEF1FE741DD9A6D10036F144 /* Model */ = {
			isa = PBXGroup;
			children = (
				BEF1FE751DD9A6D10036F144 /* AnchorGroup.swift */,
				BEF1FE761DD9A6D10036F144 /* AnchorModel.swift */,
				BEF1FE771DD9A6D10036F144 /* BaseGameModel.swift */,
			);
			path = Model;
			sourceTree = "<group>";
		};
		BEF1FE781DD9A6D10036F144 /* View */ = {
			isa = PBXGroup;
			children = (
				BEF1FE791DD9A6D10036F144 /* CollectionBaseCell.swift */,
				BEF1FE7A1DD9A6D10036F144 /* CollectionViewNormalCell.swift */,
				BEF1FE7B1DD9A6D10036F144 /* CollectionViewNormalCell.xib */,
				BEF1FE7C1DD9A6D10036F144 /* CollectionViewPrettyCell.swift */,
				BEF1FE7D1DD9A6D10036F144 /* CollectionViewPrettyCell.xib */,
				BEF1FE7E1DD9A6D10036F144 /* PageContentView.swift */,
				BEF1FE7F1DD9A6D10036F144 /* PageTitleView.swift */,
			);
			path = View;
			sourceTree = "<group>";
		};
		BEF1FE801DD9A6D10036F144 /* ViewModel */ = {
			isa = PBXGroup;
			children = (
				BEF1FE811DD9A6D10036F144 /* BaseViewModel.swift */,
			);
			path = ViewModel;
			sourceTree = "<group>";
		};
		BEF1FE821DD9A6D10036F144 /* Fellow */ = {
			isa = PBXGroup;
			children = (
				BEF1FE831DD9A6D10036F144 /* Controller */,
			);
			name = Fellow;
			path = Classes/Fellow;
			sourceTree = "<group>";
		};
		BEF1FE831DD9A6D10036F144 /* Controller */ = {
			isa = PBXGroup;
			children = (
				BEF1FE841DD9A6D10036F144 /* Fellow.storyboard */,
				BEF1FE851DD9A6D10036F144 /* FellowViewController.swift */,
			);
			path = Controller;
			sourceTree = "<group>";
		};
		BEF1FE861DD9A6D10036F144 /* Live */ = {
			isa = PBXGroup;
			children = (
				BEF1FE871DD9A6D10036F144 /* Controller */,
			);
			name = Live;
			path = Classes/Live;
			sourceTree = "<group>";
		};
		BEF1FE871DD9A6D10036F144 /* Controller */ = {
			isa = PBXGroup;
			children = (
				BEF1FE881DD9A6D10036F144 /* Live.storyboard */,
				BEF1FE891DD9A6D10036F144 /* LiveViewController.swift */,
			);
			path = Controller;
			sourceTree = "<group>";
		};
		BEF1FE8A1DD9A6D10036F144 /* Profile */ = {
			isa = PBXGroup;
			children = (
				BEF1FE8B1DD9A6D10036F144 /* Controller */,
			);
			name = Profile;
			path = Classes/Profile;
			sourceTree = "<group>";
		};
		BEF1FE8B1DD9A6D10036F144 /* Controller */ = {
			isa = PBXGroup;
			children = (
				BEF1FE8C1DD9A6D10036F144 /* Profile.storyboard */,
				BEF1FE8D1DD9A6D10036F144 /* ProfileViewController.swift */,
			);
			path = Controller;
			sourceTree = "<group>";
		};
		BEF1FE8E1DD9A6D10036F144 /* Room */ = {
			isa = PBXGroup;
			children = (
				BEF1FE8F1DD9A6D10036F144 /* Controller */,
			);
			name = Room;
			path = Classes/Room;
			sourceTree = "<group>";
		};
		BEF1FE8F1DD9A6D10036F144 /* Controller */ = {
			isa = PBXGroup;
			children = (
				BEF1FE901DD9A6D10036F144 /* RoomNormalViewController.swift */,
				BEF1FE911DD9A6D10036F144 /* RoomShowViewController.swift */,
			);
			path = Controller;
			sourceTree = "<group>";
		};
		BEF1FE921DD9A6D10036F144 /* Tools */ = {
			isa = PBXGroup;
			children = (
				BEF1FE931DD9A6D10036F144 /* Common.swift */,
				BEF1FE941DD9A6D10036F144 /* Extensions */,
				BEF1FE981DD9A6D10036F144 /* NetworkTools.swift */,
			);
			name = Tools;
			path = Classes/Tools;
			sourceTree = "<group>";
		};
		BEF1FE941DD9A6D10036F144 /* Extensions */ = {
			isa = PBXGroup;
			children = (
				BEF1FE951DD9A6D10036F144 /* NSDate+Extension.swift */,
				BEF1FE961DD9A6D10036F144 /* UIBarButtonItem+Extension.swift */,
				BEF1FE971DD9A6D10036F144 /* UIColor+Extension.swift */,
			);
			path = Extensions;
			sourceTree = "<group>";
		};
		E818115C07DEB019724852FE /* Pods */ = {
			isa = PBXGroup;
			children = (
				80DA51ECA45DD664DD74ED0E /* Pods-FunLive.debug.xcconfig */,
				88D11E6D51DA869EB7215354 /* Pods-FunLive.release.xcconfig */,
			);
			name = Pods;
			sourceTree = "<group>";
		};
/* End PBXGroup section */

/* Begin PBXNativeTarget section */
		BEF1FE121DD99EB70036F144 /* FunLive */ = {
			isa = PBXNativeTarget;
			buildConfigurationList = BEF1FE3E1DD99EB70036F144 /* Build configuration list for PBXNativeTarget "FunLive" */;
			buildPhases = (
				371CD1C875A5633EAF03DFE0 /* [CP] Check Pods Manifest.lock */,
				BEF1FE0F1DD99EB70036F144 /* Sources */,
				BEF1FE101DD99EB70036F144 /* Frameworks */,
				BEF1FE111DD99EB70036F144 /* Resources */,
				6780733B6269CB276EEA86A9 /* [CP] Embed Pods Frameworks */,
				AC087C615CC649C4D19B8228 /* [CP] Copy Pods Resources */,
			);
			buildRules = (
			);
			dependencies = (
			);
			name = FunLive;
			productName = FunLive;
			productReference = BEF1FE131DD99EB70036F144 /* FunLive.app */;
			productType = "com.apple.product-type.application";
		};
		BEF1FE291DD99EB70036F144 /* FunLiveTests */ = {
			isa = PBXNativeTarget;
			buildConfigurationList = BEF1FE411DD99EB70036F144 /* Build configuration list for PBXNativeTarget "FunLiveTests" */;
			buildPhases = (
				BEF1FE261DD99EB70036F144 /* Sources */,
				BEF1FE271DD99EB70036F144 /* Frameworks */,
				BEF1FE281DD99EB70036F144 /* Resources */,
			);
			buildRules = (
			);
			dependencies = (
				BEF1FE2C1DD99EB70036F144 /* PBXTargetDependency */,
			);
			name = FunLiveTests;
			productName = FunLiveTests;
			productReference = BEF1FE2A1DD99EB70036F144 /* FunLiveTests.xctest */;
			productType = "com.apple.product-type.bundle.unit-test";
		};
		BEF1FE341DD99EB70036F144 /* FunLiveUITests */ = {
			isa = PBXNativeTarget;
			buildConfigurationList = BEF1FE441DD99EB70036F144 /* Build configuration list for PBXNativeTarget "FunLiveUITests" */;
			buildPhases = (
				BEF1FE311DD99EB70036F144 /* Sources */,
				BEF1FE321DD99EB70036F144 /* Frameworks */,
				BEF1FE331DD99EB70036F144 /* Resources */,
			);
			buildRules = (
			);
			dependencies = (
				BEF1FE371DD99EB70036F144 /* PBXTargetDependency */,
			);
			name = FunLiveUITests;
			productName = FunLiveUITests;
			productReference = BEF1FE351DD99EB70036F144 /* FunLiveUITests.xctest */;
			productType = "com.apple.product-type.bundle.ui-testing";
		};
/* End PBXNativeTarget section */

/* Begin PBXProject section */
		BEF1FE0B1DD99EB70036F144 /* Project object */ = {
			isa = PBXProject;
			attributes = {
				LastSwiftUpdateCheck = 0800;
				LastUpgradeCheck = 0800;
				ORGANIZATIONNAME = jp.co.shouigou;
				TargetAttributes = {
					BEF1FE121DD99EB70036F144 = {
						CreatedOnToolsVersion = 8.0;
						LastSwiftMigration = 0800;
						ProvisioningStyle = Automatic;
					};
					BEF1FE291DD99EB70036F144 = {
						CreatedOnToolsVersion = 8.0;
						LastSwiftMigration = 0800;
						ProvisioningStyle = Automatic;
						TestTargetID = BEF1FE121DD99EB70036F144;
					};
					BEF1FE341DD99EB70036F144 = {
						CreatedOnToolsVersion = 8.0;
						LastSwiftMigration = 0800;
						ProvisioningStyle = Automatic;
						TestTargetID = BEF1FE121DD99EB70036F144;
					};
				};
			};
			buildConfigurationList = BEF1FE0E1DD99EB70036F144 /* Build configuration list for PBXProject "FunLive" */;
			compatibilityVersion = "Xcode 3.2";
			developmentRegion = English;
			hasScannedForEncodings = 0;
			knownRegions = (
				en,
				Base,
			);
			mainGroup = BEF1FE0A1DD99EB70036F144;
			productRefGroup = BEF1FE141DD99EB70036F144 /* Products */;
			projectDirPath = "";
			projectRoot = "";
			targets = (
				BEF1FE121DD99EB70036F144 /* FunLive */,
				BEF1FE291DD99EB70036F144 /* FunLiveTests */,
				BEF1FE341DD99EB70036F144 /* FunLiveUITests */,
			);
		};
/* End PBXProject section */

/* Begin PBXResourcesBuildPhase section */
		BEF1FE111DD99EB70036F144 /* Resources */ = {
			isa = PBXResourcesBuildPhase;
			buildActionMask = 2147483647;
			files = (
				BEF1FEAC1DD9A6D10036F144 /* RecommendCycleView.xib in Resources */,
				BEF1FE241DD99EB70036F144 /* LaunchScreen.storyboard in Resources */,
				BEF1FEA41DD9A6D10036F144 /* AmuseMenuViewCell.xib in Resources */,
				BEF1FE211DD99EB70036F144 /* Assets.xcassets in Resources */,
				BEF1FEA81DD9A6D10036F144 /* CollectionViewCycleCell.xib in Resources */,
				BEF1FEBA1DD9A6D10036F144 /* CollectionViewNormalCell.xib in Resources */,
				BEF1FEA61DD9A6D10036F144 /* CollectionHeaderView.xib in Resources */,
				BEF1FEC01DD9A6D10036F144 /* Fellow.storyboard in Resources */,
				BEF1FEC21DD9A6D10036F144 /* Live.storyboard in Resources */,
				BEF1FE1C1DD99EB70036F144 /* Main.storyboard in Resources */,
				BEF1FEC41DD9A6D10036F144 /* Profile.storyboard in Resources */,
				BEF1FEA21DD9A6D10036F144 /* AmuseMenuView.xib in Resources */,
				BEF1FEBC1DD9A6D10036F144 /* CollectionViewPrettyCell.xib in Resources */,
				BEF1FE9C1DD9A6D10036F144 /* Home.storyboard in Resources */,
				BEF1FEAA1DD9A6D10036F144 /* CollectionViewGameCell.xib in Resources */,
				BEF1FEAE1DD9A6D10036F144 /* RecommendGameView.xib in Resources */,
			);
			runOnlyForDeploymentPostprocessing = 0;
		};
		BEF1FE281DD99EB70036F144 /* Resources */ = {
			isa = PBXResourcesBuildPhase;
			buildActionMask = 2147483647;
			files = (
			);
			runOnlyForDeploymentPostprocessing = 0;
		};
		BEF1FE331DD99EB70036F144 /* Resources */ = {
			isa = PBXResourcesBuildPhase;
			buildActionMask = 2147483647;
			files = (
			);
			runOnlyForDeploymentPostprocessing = 0;
		};
/* End PBXResourcesBuildPhase section */

/* Begin PBXShellScriptBuildPhase section */
		371CD1C875A5633EAF03DFE0 /* [CP] Check Pods Manifest.lock */ = {
			isa = PBXShellScriptBuildPhase;
			buildActionMask = 2147483647;
			files = (
			);
			inputPaths = (
			);
			name = "[CP] Check Pods Manifest.lock";
			outputPaths = (
			);
			runOnlyForDeploymentPostprocessing = 0;
			shellPath = /bin/sh;
			shellScript = "diff \"${PODS_ROOT}/../Podfile.lock\" \"${PODS_ROOT}/Manifest.lock\" > /dev/null\nif [[ $? != 0 ]] ; then\n    cat << EOM\nerror: The sandbox is not in sync with the Podfile.lock. Run 'pod install' or update your CocoaPods installation.\nEOM\n    exit 1\nfi\n";
			showEnvVarsInLog = 0;
		};
		6780733B6269CB276EEA86A9 /* [CP] Embed Pods Frameworks */ = {
			isa = PBXShellScriptBuildPhase;
			buildActionMask = 2147483647;
			files = (
			);
			inputPaths = (
			);
			name = "[CP] Embed Pods Frameworks";
			outputPaths = (
			);
			runOnlyForDeploymentPostprocessing = 0;
			shellPath = /bin/sh;
			shellScript = "\"${SRCROOT}/Pods/Target Support Files/Pods-FunLive/Pods-FunLive-frameworks.sh\"\n";
			showEnvVarsInLog = 0;
		};
		AC087C615CC649C4D19B8228 /* [CP] Copy Pods Resources */ = {
			isa = PBXShellScriptBuildPhase;
			buildActionMask = 2147483647;
			files = (
			);
			inputPaths = (
			);
			name = "[CP] Copy Pods Resources";
			outputPaths = (
			);
			runOnlyForDeploymentPostprocessing = 0;
			shellPath = /bin/sh;
			shellScript = "\"${SRCROOT}/Pods/Target Support Files/Pods-FunLive/Pods-FunLive-resources.sh\"\n";
			showEnvVarsInLog = 0;
		};
/* End PBXShellScriptBuildPhase section */

/* Begin PBXSourcesBuildPhase section */
		BEF1FE0F1DD99EB70036F144 /* Sources */ = {
			isa = PBXSourcesBuildPhase;
			buildActionMask = 2147483647;
			files = (
				BEF1FE1F1DD99EB70036F144 /* FunLive.xcdatamodeld in Sources */,
				BEF1FEAD1DD9A6D10036F144 /* RecommendGameView.swift in Sources */,
				BEF1FEC61DD9A6D10036F144 /* RoomNormalViewController.swift in Sources */,
				BEF1FEA31DD9A6D10036F144 /* AmuseMenuViewCell.swift in Sources */,
				BEF1FEB81DD9A6D10036F144 /* CollectionBaseCell.swift in Sources */,
				BEF1FE9E1DD9A6D10036F144 /* RecommendViewController.swift in Sources */,
				BEF1FE191DD99EB70036F144 /* MainViewController.swift in Sources */,
				BEF1FE9F1DD9A6D10036F144 /* CycleModel.swift in Sources */,
				BEF1FEA91DD9A6D10036F144 /* CollectionViewGameCell.swift in Sources */,
				BEF1FEC11DD9A6D10036F144 /* FellowViewController.swift in Sources */,
				BEF1FEA11DD9A6D10036F144 /* AmuseMenuView.swift in Sources */,
				BEF1FE991DD9A6D10036F144 /* AmuseViewController.swift in Sources */,
				BEF1FECB1DD9A6D10036F144 /* UIColor+Extension.swift in Sources */,
				BEF1FEC91DD9A6D10036F144 /* NSDate+Extension.swift in Sources */,
				BEF1FECC1DD9A6D10036F144 /* NetworkTools.swift in Sources */,
				BEF1FEB21DD9A6D10036F144 /* BaseAnchorViewController.swift in Sources */,
				BEF1FEB71DD9A6D10036F144 /* BaseGameModel.swift in Sources */,
				BEF1FEBE1DD9A6D10036F144 /* PageTitleView.swift in Sources */,
				BEF1FEC31DD9A6D10036F144 /* LiveViewController.swift in Sources */,
				BEF1FEB41DD9A6D10036F144 /* CustomNavigationViewController.swift in Sources */,
				BEF1FEBD1DD9A6D10036F144 /* PageContentView.swift in Sources */,
				BEF1FEB61DD9A6D10036F144 /* AnchorModel.swift in Sources */,
				BEF1FEAB1DD9A6D10036F144 /* RecommendCycleView.swift in Sources */,
				BEF1FEB51DD9A6D10036F144 /* AnchorGroup.swift in Sources */,
				BEF1FEA51DD9A6D10036F144 /* CollectionHeaderView.swift in Sources */,
				BEF1FEA01DD9A6D10036F144 /* GameModel.swift in Sources */,
				BEF1FEBB1DD9A6D10036F144 /* CollectionViewPrettyCell.swift in Sources */,
				BEF1FEBF1DD9A6D10036F144 /* BaseViewModel.swift in Sources */,
				BEF1FEB31DD9A6D10036F144 /* BaseViewController.swift in Sources */,
				BEF1FEA71DD9A6D10036F144 /* CollectionViewCycleCell.swift in Sources */,
				BEF1FEB11DD9A6D10036F144 /* RecommendViewModel.swift in Sources */,
				BEF1FEB91DD9A6D10036F144 /* CollectionViewNormalCell.swift in Sources */,
				BEF1FE9A1DD9A6D10036F144 /* FunnyViewController.swift in Sources */,
				BEF1FE9B1DD9A6D10036F144 /* GameViewController.swift in Sources */,
				BEF1FECA1DD9A6D10036F144 /* UIBarButtonItem+Extension.swift in Sources */,
				BEF1FEB01DD9A6D10036F144 /* GameViewModel.swift in Sources */,
				BEF1FE9D1DD9A6D10036F144 /* HomeViewController.swift in Sources */,
				BEF1FEC71DD9A6D10036F144 /* RoomShowViewController.swift in Sources */,
				BEF1FEC81DD9A6D10036F144 /* Common.swift in Sources */,
				BEF1FEC51DD9A6D10036F144 /* ProfileViewController.swift in Sources */,
				BEF1FEAF1DD9A6D10036F144 /* AmuseViewModel.swift in Sources */,
				BEF1FE171DD99EB70036F144 /* AppDelegate.swift in Sources */,
			);
			runOnlyForDeploymentPostprocessing = 0;
		};
		BEF1FE261DD99EB70036F144 /* Sources */ = {
			isa = PBXSourcesBuildPhase;
			buildActionMask = 2147483647;
			files = (
				BEF1FE2F1DD99EB70036F144 /* FunLiveTests.swift in Sources */,
			);
			runOnlyForDeploymentPostprocessing = 0;
		};
		BEF1FE311DD99EB70036F144 /* Sources */ = {
			isa = PBXSourcesBuildPhase;
			buildActionMask = 2147483647;
			files = (
				BEF1FE3A1DD99EB70036F144 /* FunLiveUITests.swift in Sources */,
			);
			runOnlyForDeploymentPostprocessing = 0;
		};
/* End PBXSourcesBuildPhase section */

/* Begin PBXTargetDependency section */
		BEF1FE2C1DD99EB70036F144 /* PBXTargetDependency */ = {
			isa = PBXTargetDependency;
			target = BEF1FE121DD99EB70036F144 /* FunLive */;
			targetProxy = BEF1FE2B1DD99EB70036F144 /* PBXContainerItemProxy */;
		};
		BEF1FE371DD99EB70036F144 /* PBXTargetDependency */ = {
			isa = PBXTargetDependency;
			target = BEF1FE121DD99EB70036F144 /* FunLive */;
			targetProxy = BEF1FE361DD99EB70036F144 /* PBXContainerItemProxy */;
		};
/* End PBXTargetDependency section */

/* Begin PBXVariantGroup section */
		BEF1FE1A1DD99EB70036F144 /* Main.storyboard */ = {
			isa = PBXVariantGroup;
			children = (
				BEF1FE1B1DD99EB70036F144 /* Base */,
			);
			name = Main.storyboard;
			sourceTree = "<group>";
		};
		BEF1FE221DD99EB70036F144 /* LaunchScreen.storyboard */ = {
			isa = PBXVariantGroup;
			children = (
				BEF1FE231DD99EB70036F144 /* Base */,
			);
			name = LaunchScreen.storyboard;
			sourceTree = "<group>";
		};
/* End PBXVariantGroup section */

/* Begin XCBuildConfiguration section */
		BEF1FE3C1DD99EB70036F144 /* Debug */ = {
			isa = XCBuildConfiguration;
			buildSettings = {
				ALWAYS_SEARCH_USER_PATHS = NO;
				CLANG_ANALYZER_NONNULL = YES;
				CLANG_CXX_LANGUAGE_STANDARD = "gnu++0x";
				CLANG_CXX_LIBRARY = "libc++";
				CLANG_ENABLE_MODULES = YES;
				CLANG_ENABLE_OBJC_ARC = YES;
				CLANG_WARN_BOOL_CONVERSION = YES;
				CLANG_WARN_CONSTANT_CONVERSION = YES;
				CLANG_WARN_DIRECT_OBJC_ISA_USAGE = YES_ERROR;
				CLANG_WARN_DOCUMENTATION_COMMENTS = YES;
				CLANG_WARN_EMPTY_BODY = YES;
				CLANG_WARN_ENUM_CONVERSION = YES;
				CLANG_WARN_INFINITE_RECURSION = YES;
				CLANG_WARN_INT_CONVERSION = YES;
				CLANG_WARN_OBJC_ROOT_CLASS = YES_ERROR;
				CLANG_WARN_SUSPICIOUS_MOVES = YES;
				CLANG_WARN_UNREACHABLE_CODE = YES;
				CLANG_WARN__DUPLICATE_METHOD_MATCH = YES;
				"CODE_SIGN_IDENTITY[sdk=iphoneos*]" = "iPhone Developer";
				COPY_PHASE_STRIP = NO;
				DEBUG_INFORMATION_FORMAT = dwarf;
				ENABLE_STRICT_OBJC_MSGSEND = YES;
				ENABLE_TESTABILITY = YES;
				GCC_C_LANGUAGE_STANDARD = gnu99;
				GCC_DYNAMIC_NO_PIC = NO;
				GCC_NO_COMMON_BLOCKS = YES;
				GCC_OPTIMIZATION_LEVEL = 0;
				GCC_PREPROCESSOR_DEFINITIONS = (
					"DEBUG=1",
					"$(inherited)",
				);
				GCC_WARN_64_TO_32_BIT_CONVERSION = YES;
				GCC_WARN_ABOUT_RETURN_TYPE = YES_ERROR;
				GCC_WARN_UNDECLARED_SELECTOR = YES;
				GCC_WARN_UNINITIALIZED_AUTOS = YES_AGGRESSIVE;
				GCC_WARN_UNUSED_FUNCTION = YES;
				GCC_WARN_UNUSED_VARIABLE = YES;
				IPHONEOS_DEPLOYMENT_TARGET = 10.0;
				MTL_ENABLE_DEBUG_INFO = YES;
				ONLY_ACTIVE_ARCH = YES;
				SDKROOT = iphoneos;
				SWIFT_ACTIVE_COMPILATION_CONDITIONS = DEBUG;
				SWIFT_OPTIMIZATION_LEVEL = "-Onone";
				TARGETED_DEVICE_FAMILY = "1,2";
			};
			name = Debug;
		};
		BEF1FE3D1DD99EB70036F144 /* Release */ = {
			isa = XCBuildConfiguration;
			buildSettings = {
				ALWAYS_SEARCH_USER_PATHS = NO;
				CLANG_ANALYZER_NONNULL = YES;
				CLANG_CXX_LANGUAGE_STANDARD = "gnu++0x";
				CLANG_CXX_LIBRARY = "libc++";
				CLANG_ENABLE_MODULES = YES;
				CLANG_ENABLE_OBJC_ARC = YES;
				CLANG_WARN_BOOL_CONVERSION = YES;
				CLANG_WARN_CONSTANT_CONVERSION = YES;
				CLANG_WARN_DIRECT_OBJC_ISA_USAGE = YES_ERROR;
				CLANG_WARN_DOCUMENTATION_COMMENTS = YES;
				CLANG_WARN_EMPTY_BODY = YES;
				CLANG_WARN_ENUM_CONVERSION = YES;
				CLANG_WARN_INFINITE_RECURSION = YES;
				CLANG_WARN_INT_CONVERSION = YES;
				CLANG_WARN_OBJC_ROOT_CLASS = YES_ERROR;
				CLANG_WARN_SUSPICIOUS_MOVES = YES;
				CLANG_WARN_UNREACHABLE_CODE = YES;
				CLANG_WARN__DUPLICATE_METHOD_MATCH = YES;
				"CODE_SIGN_IDENTITY[sdk=iphoneos*]" = "iPhone Developer";
				COPY_PHASE_STRIP = NO;
				DEBUG_INFORMATION_FORMAT = "dwarf-with-dsym";
				ENABLE_NS_ASSERTIONS = NO;
				ENABLE_STRICT_OBJC_MSGSEND = YES;
				GCC_C_LANGUAGE_STANDARD = gnu99;
				GCC_NO_COMMON_BLOCKS = YES;
				GCC_WARN_64_TO_32_BIT_CONVERSION = YES;
				GCC_WARN_ABOUT_RETURN_TYPE = YES_ERROR;
				GCC_WARN_UNDECLARED_SELECTOR = YES;
				GCC_WARN_UNINITIALIZED_AUTOS = YES_AGGRESSIVE;
				GCC_WARN_UNUSED_FUNCTION = YES;
				GCC_WARN_UNUSED_VARIABLE = YES;
				IPHONEOS_DEPLOYMENT_TARGET = 10.0;
				MTL_ENABLE_DEBUG_INFO = NO;
				SDKROOT = iphoneos;
				SWIFT_OPTIMIZATION_LEVEL = "-Owholemodule";
				TARGETED_DEVICE_FAMILY = "1,2";
				VALIDATE_PRODUCT = YES;
			};
			name = Release;
		};
		BEF1FE3F1DD99EB70036F144 /* Debug */ = {
			isa = XCBuildConfiguration;
			baseConfigurationReference = 80DA51ECA45DD664DD74ED0E /* Pods-FunLive.debug.xcconfig */;
			buildSettings = {
				ASSETCATALOG_COMPILER_APPICON_NAME = AppIcon;
				INFOPLIST_FILE = FunLive/Info.plist;
				LD_RUNPATH_SEARCH_PATHS = "$(inherited) @executable_path/Frameworks";
				PRODUCT_BUNDLE_IDENTIFIER = xiao.FunLive;
				PRODUCT_NAME = "$(TARGET_NAME)";
				SWIFT_VERSION = 3.0;
			};
			name = Debug;
		};
		BEF1FE401DD99EB70036F144 /* Release */ = {
			isa = XCBuildConfiguration;
			baseConfigurationReference = 88D11E6D51DA869EB7215354 /* Pods-FunLive.release.xcconfig */;
			buildSettings = {
				ASSETCATALOG_COMPILER_APPICON_NAME = AppIcon;
				INFOPLIST_FILE = FunLive/Info.plist;
				LD_RUNPATH_SEARCH_PATHS = "$(inherited) @executable_path/Frameworks";
				PRODUCT_BUNDLE_IDENTIFIER = xiao.FunLive;
				PRODUCT_NAME = "$(TARGET_NAME)";
				SWIFT_VERSION = 3.0;
			};
			name = Release;
		};
		BEF1FE421DD99EB70036F144 /* Debug */ = {
			isa = XCBuildConfiguration;
			buildSettings = {
				ALWAYS_EMBED_SWIFT_STANDARD_LIBRARIES = YES;
				BUNDLE_LOADER = "$(TEST_HOST)";
				INFOPLIST_FILE = FunLiveTests/Info.plist;
				LD_RUNPATH_SEARCH_PATHS = "$(inherited) @executable_path/Frameworks @loader_path/Frameworks";
				PRODUCT_BUNDLE_IDENTIFIER = xiao.FunLiveTests;
				PRODUCT_NAME = "$(TARGET_NAME)";
				SWIFT_VERSION = 3.0;
				TEST_HOST = "$(BUILT_PRODUCTS_DIR)/FunLive.app/FunLive";
			};
			name = Debug;
		};
		BEF1FE431DD99EB70036F144 /* Release */ = {
			isa = XCBuildConfiguration;
			buildSettings = {
				ALWAYS_EMBED_SWIFT_STANDARD_LIBRARIES = YES;
				BUNDLE_LOADER = "$(TEST_HOST)";
				INFOPLIST_FILE = FunLiveTests/Info.plist;
				LD_RUNPATH_SEARCH_PATHS = "$(inherited) @executable_path/Frameworks @loader_path/Frameworks";
				PRODUCT_BUNDLE_IDENTIFIER = xiao.FunLiveTests;
				PRODUCT_NAME = "$(TARGET_NAME)";
				SWIFT_VERSION = 3.0;
				TEST_HOST = "$(BUILT_PRODUCTS_DIR)/FunLive.app/FunLive";
			};
			name = Release;
		};
		BEF1FE451DD99EB70036F144 /* Debug */ = {
			isa = XCBuildConfiguration;
			buildSettings = {
				ALWAYS_EMBED_SWIFT_STANDARD_LIBRARIES = YES;
				INFOPLIST_FILE = FunLiveUITests/Info.plist;
				LD_RUNPATH_SEARCH_PATHS = "$(inherited) @executable_path/Frameworks @loader_path/Frameworks";
				PRODUCT_BUNDLE_IDENTIFIER = xiao.FunLiveUITests;
				PRODUCT_NAME = "$(TARGET_NAME)";
				SWIFT_VERSION = 3.0;
				TEST_TARGET_NAME = FunLive;
			};
			name = Debug;
		};
		BEF1FE461DD99EB70036F144 /* Release */ = {
			isa = XCBuildConfiguration;
			buildSettings = {
				ALWAYS_EMBED_SWIFT_STANDARD_LIBRARIES = YES;
				INFOPLIST_FILE = FunLiveUITests/Info.plist;
				LD_RUNPATH_SEARCH_PATHS = "$(inherited) @executable_path/Frameworks @loader_path/Frameworks";
				PRODUCT_BUNDLE_IDENTIFIER = xiao.FunLiveUITests;
				PRODUCT_NAME = "$(TARGET_NAME)";
				SWIFT_VERSION = 3.0;
				TEST_TARGET_NAME = FunLive;
			};
			name = Release;
		};
/* End XCBuildConfiguration section */

/* Begin XCConfigurationList section */
		BEF1FE0E1DD99EB70036F144 /* Build configuration list for PBXProject "FunLive" */ = {
			isa = XCConfigurationList;
			buildConfigurations = (
				BEF1FE3C1DD99EB70036F144 /* Debug */,
				BEF1FE3D1DD99EB70036F144 /* Release */,
			);
			defaultConfigurationIsVisible = 0;
			defaultConfigurationName = Release;
		};
		BEF1FE3E1DD99EB70036F144 /* Build configuration list for PBXNativeTarget "FunLive" */ = {
			isa = XCConfigurationList;
			buildConfigurations = (
				BEF1FE3F1DD99EB70036F144 /* Debug */,
				BEF1FE401DD99EB70036F144 /* Release */,
			);
			defaultConfigurationIsVisible = 0;
			defaultConfigurationName = Release;
		};
		BEF1FE411DD99EB70036F144 /* Build configuration list for PBXNativeTarget "FunLiveTests" */ = {
			isa = XCConfigurationList;
			buildConfigurations = (
				BEF1FE421DD99EB70036F144 /* Debug */,
				BEF1FE431DD99EB70036F144 /* Release */,
			);
			defaultConfigurationIsVisible = 0;
			defaultConfigurationName = Release;
		};
		BEF1FE441DD99EB70036F144 /* Build configuration list for PBXNativeTarget "FunLiveUITests" */ = {
			isa = XCConfigurationList;
			buildConfigurations = (
				BEF1FE451DD99EB70036F144 /* Debug */,
				BEF1FE461DD99EB70036F144 /* Release */,
			);
			defaultConfigurationIsVisible = 0;
			defaultConfigurationName = Release;
		};
/* End XCConfigurationList section */

/* Begin XCVersionGroup section */
		BEF1FE1D1DD99EB70036F144 /* FunLive.xcdatamodeld */ = {
			isa = XCVersionGroup;
			children = (
				BEF1FE1E1DD99EB70036F144 /* FunLive.xcdatamodel */,
			);
			currentVersion = BEF1FE1E1DD99EB70036F144 /* FunLive.xcdatamodel */;
			path = FunLive.xcdatamodeld;
			sourceTree = "<group>";
			versionGroupType = wrapper.xcdatamodel;
		};
/* End XCVersionGroup section */
	};
	rootObject = BEF1FE0B1DD99EB70036F144 /* Project object */;
}
